schema: '2.0'
stages:
  train:
    cmd: python starter/train_model.py
    deps:
    - path: data/census_clean.csv
      md5: a32f701d214a94d32b95725d6a9acdc4
      size: 3518606
    - path: starter/train_model.py
      md5: e892f767599981d688da511d958c43bc
      size: 1709
    outs:
    - path: data/validation_results.csv
      md5: da746a73892771c9d1d2d995da2fa0ec
      size: 742488
    - path: starter/model/encoder.joblib
      md5: a553f204feb7d25cff7013915fd7ce8a
      size: 3898
    - path: starter/model/lbinarizer.joblib
      md5: 68d67643c2f11e180eaa335146ade2ea
      size: 403
    - path: starter/model/model.joblib
      md5: 582163d70e7db15dcd4b9d7b544d203d
      size: 1645
