schema: '2.0'
stages:
  train:
    cmd: python starter/train_model.py
    deps:
    - path: data/census_clean.csv
      md5: a32f701d214a94d32b95725d6a9acdc4
      size: 3518606
    - path: starter/train_model.py
      md5: 01c119fc34fa5fffecd131c362b8e581
      size: 1533
    outs:
    - path: data/validation_results.csv
      md5: 20f438ab5fb7d404040203bfe33fc4d0
      size: 743039
    - path: starter/model/encoder.joblib
      md5: a553f204feb7d25cff7013915fd7ce8a
      size: 3898
    - path: starter/model/lbinarizer.joblib
      md5: 68d67643c2f11e180eaa335146ade2ea
      size: 403
    - path: starter/model/model.joblib
      md5: 8ba44275148f190bf54af6633ac4a217
      size: 1645
